
Microsoft Visual Studio Solution File, Format Version 12.00
# Visual Studio Version 16
VisualStudioVersion = 16.0.30309.148
MinimumVisualStudioVersion = 10.0.40219.1
Project("{3CFF4D82-5437-4225-B56C-3886547DA93B}") = "Azure.ResourceManager.Dashboard", "src\Azure.ResourceManager.Dashboard.csproj", "{9F6A2604-F0D2-40CE-A528-F6802AA0FE29}"
EndProject
Project("{3CFF4D82-5437-4225-B56C-3886547DA93B}") = "Azure.ResourceManager.Dashboard.Tests", "tests\Azure.ResourceManager.Dashboard.Tests.csproj", "{5C7BFAF8-C7D8-4118-B8D8-957EC22E64C3}"
EndProject
Global
	GlobalSection(SolutionProperties) = preSolution
		HideSolutionNode = FALSE
	EndGlobalSection
	GlobalSection(ExtensibilityGlobals) = postSolution
		SolutionGuid = {B0A7C0B6-4834-46CB-B6C1-DE751AE5542F}
	EndGlobalSection
	GlobalSection(SolutionConfigurationPlatforms) = preSolution
		Debug|Any CPU = Debug|Any CPU
		Debug|x64 = Debug|x64
		Debug|x86 = Debug|x86
		Release|Any CPU = Release|Any CPU
		Release|x64 = Release|x64
		Release|x86 = Release|x86
	EndGlobalSection
	GlobalSection(ProjectConfigurationPlatforms) = postSolution
		{9F6A2604-F0D2-40CE-A528-F6802AA0FE29}.Debug|Any CPU.ActiveCfg = Debug|Any CPU
		{9F6A2604-F0D2-40CE-A528-F6802AA0FE29}.Debug|Any CPU.Build.0 = Debug|Any CPU
		{9F6A2604-F0D2-40CE-A528-F6802AA0FE29}.Debug|x64.ActiveCfg = Debug|Any CPU
		{9F6A2604-F0D2-40CE-A528-F6802AA0FE29}.Debug|x64.Build.0 = Debug|Any CPU
		{9F6A2604-F0D2-40CE-A528-F6802AA0FE29}.Debug|x86.ActiveCfg = Debug|Any CPU
		{9F6A2604-F0D2-40CE-A528-F6802AA0FE29}.Debug|x86.Build.0 = Debug|Any CPU
		{9F6A2604-F0D2-40CE-A528-F6802AA0FE29}.Release|Any CPU.ActiveCfg = Release|Any CPU
		{9F6A2604-F0D2-40CE-A528-F6802AA0FE29}.Release|Any CPU.Build.0 = Release|Any CPU
		{9F6A2604-F0D2-40CE-A528-F6802AA0FE29}.Release|x64.ActiveCfg = Release|Any CPU
		{9F6A2604-F0D2-40CE-A528-F6802AA0FE29}.Release|x64.Build.0 = Release|Any CPU
		{9F6A2604-F0D2-40CE-A528-F6802AA0FE29}.Release|x86.ActiveCfg = Release|Any CPU
		{9F6A2604-F0D2-40CE-A528-F6802AA0FE29}.Release|x86.Build.0 = Release|Any CPU
		{5C7BFAF8-C7D8-4118-B8D8-957EC22E64C3}.Debug|Any CPU.ActiveCfg = Debug|Any CPU
		{5C7BFAF8-C7D8-4118-B8D8-957EC22E64C3}.Debug|Any CPU.Build.0 = Debug|Any CPU
		{5C7BFAF8-C7D8-4118-B8D8-957EC22E64C3}.Debug|x64.ActiveCfg = Debug|Any CPU
		{5C7BFAF8-C7D8-4118-B8D8-957EC22E64C3}.Debug|x64.Build.0 = Debug|Any CPU
		{5C7BFAF8-C7D8-4118-B8D8-957EC22E64C3}.Debug|x86.ActiveCfg = Debug|Any CPU
		{5C7BFAF8-C7D8-4118-B8D8-957EC22E64C3}.Debug|x86.Build.0 = Debug|Any CPU
		{5C7BFAF8-C7D8-4118-B8D8-957EC22E64C3}.Release|Any CPU.ActiveCfg = Release|Any CPU
		{5C7BFAF8-C7D8-4118-B8D8-957EC22E64C3}.Release|Any CPU.Build.0 = Release|Any CPU
		{5C7BFAF8-C7D8-4118-B8D8-957EC22E64C3}.Release|x64.ActiveCfg = Release|Any CPU
		{5C7BFAF8-C7D8-4118-B8D8-957EC22E64C3}.Release|x64.Build.0 = Release|Any CPU
		{5C7BFAF8-C7D8-4118-B8D8-957EC22E64C3}.Release|x86.ActiveCfg = Release|Any CPU
		{5C7BFAF8-C7D8-4118-B8D8-957EC22E64C3}.Release|x86.Build.0 = Release|Any CPU
	EndGlobalSection
EndGlobal
