
Microsoft Visual Studio Solution File, Format Version 12.00
# Visual Studio Version 16
VisualStudioVersion = 16.0.30309.148
MinimumVisualStudioVersion = 10.0.40219.1
Project("{40F78743-60E4-489B-AADF-33C1F3644A5E}") = "Azure.ResourceManager.Appservice", "src\Azure.ResourceManager.Appservice.csproj", "{555BEA75-95E2-4812-9F9E-E16A4A9B6B9D}"
EndProject
Project("{40F78743-60E4-489B-AADF-33C1F3644A5E}") = "Azure.ResourceManager.Appservice.Tests", "tests\Azure.ResourceManager.Appservice.Tests.csproj", "{7BF48A3F-5B0C-41A6-A20A-E018B9ED89EE}"
EndProject
Global
	GlobalSection(SolutionProperties) = preSolution
		HideSolutionNode = FALSE
	EndGlobalSection
	GlobalSection(ExtensibilityGlobals) = postSolution
		SolutionGuid = {452CCEEB-E49F-4C5C-99DD-A1CAB3DAA3FA}
	EndGlobalSection
	GlobalSection(SolutionConfigurationPlatforms) = preSolution
		Debug|Any CPU = Debug|Any CPU
		Debug|x64 = Debug|x64
		Debug|x86 = Debug|x86
		Release|Any CPU = Release|Any CPU
		Release|x64 = Release|x64
		Release|x86 = Release|x86
	EndGlobalSection
	GlobalSection(ProjectConfigurationPlatforms) = postSolution
		{555BEA75-95E2-4812-9F9E-E16A4A9B6B9D}.Debug|Any CPU.ActiveCfg = Debug|Any CPU
		{555BEA75-95E2-4812-9F9E-E16A4A9B6B9D}.Debug|Any CPU.Build.0 = Debug|Any CPU
		{555BEA75-95E2-4812-9F9E-E16A4A9B6B9D}.Debug|x64.ActiveCfg = Debug|Any CPU
		{555BEA75-95E2-4812-9F9E-E16A4A9B6B9D}.Debug|x64.Build.0 = Debug|Any CPU
		{555BEA75-95E2-4812-9F9E-E16A4A9B6B9D}.Debug|x86.ActiveCfg = Debug|Any CPU
		{555BEA75-95E2-4812-9F9E-E16A4A9B6B9D}.Debug|x86.Build.0 = Debug|Any CPU
		{555BEA75-95E2-4812-9F9E-E16A4A9B6B9D}.Release|Any CPU.ActiveCfg = Release|Any CPU
		{555BEA75-95E2-4812-9F9E-E16A4A9B6B9D}.Release|Any CPU.Build.0 = Release|Any CPU
		{555BEA75-95E2-4812-9F9E-E16A4A9B6B9D}.Release|x64.ActiveCfg = Release|Any CPU
		{555BEA75-95E2-4812-9F9E-E16A4A9B6B9D}.Release|x64.Build.0 = Release|Any CPU
		{555BEA75-95E2-4812-9F9E-E16A4A9B6B9D}.Release|x86.ActiveCfg = Release|Any CPU
		{555BEA75-95E2-4812-9F9E-E16A4A9B6B9D}.Release|x86.Build.0 = Release|Any CPU
		{7BF48A3F-5B0C-41A6-A20A-E018B9ED89EE}.Debug|Any CPU.ActiveCfg = Debug|Any CPU
		{7BF48A3F-5B0C-41A6-A20A-E018B9ED89EE}.Debug|Any CPU.Build.0 = Debug|Any CPU
		{7BF48A3F-5B0C-41A6-A20A-E018B9ED89EE}.Debug|x64.ActiveCfg = Debug|Any CPU
		{7BF48A3F-5B0C-41A6-A20A-E018B9ED89EE}.Debug|x64.Build.0 = Debug|Any CPU
		{7BF48A3F-5B0C-41A6-A20A-E018B9ED89EE}.Debug|x86.ActiveCfg = Debug|Any CPU
		{7BF48A3F-5B0C-41A6-A20A-E018B9ED89EE}.Debug|x86.Build.0 = Debug|Any CPU
		{7BF48A3F-5B0C-41A6-A20A-E018B9ED89EE}.Release|Any CPU.ActiveCfg = Release|Any CPU
		{7BF48A3F-5B0C-41A6-A20A-E018B9ED89EE}.Release|Any CPU.Build.0 = Release|Any CPU
		{7BF48A3F-5B0C-41A6-A20A-E018B9ED89EE}.Release|x64.ActiveCfg = Release|Any CPU
		{7BF48A3F-5B0C-41A6-A20A-E018B9ED89EE}.Release|x64.Build.0 = Release|Any CPU
		{7BF48A3F-5B0C-41A6-A20A-E018B9ED89EE}.Release|x86.ActiveCfg = Release|Any CPU
		{7BF48A3F-5B0C-41A6-A20A-E018B9ED89EE}.Release|x86.Build.0 = Release|Any CPU
	EndGlobalSection
EndGlobal
