
Microsoft Visual Studio Solution File, Format Version 12.00
# Visual Studio Version 16
VisualStudioVersion = 16.0.30309.148
MinimumVisualStudioVersion = 10.0.40219.1
Project("{CFA11596-7CB7-451C-92E8-D454284FD3E1}") = "Azure.ResourceManager.Appservice", "src\Azure.ResourceManager.Appservice.csproj", "{B28B719E-B261-4C30-AFA5-9A9CE9BFFA39}"
EndProject
Project("{CFA11596-7CB7-451C-92E8-D454284FD3E1}") = "Azure.ResourceManager.Appservice.Tests", "tests\Azure.ResourceManager.Appservice.Tests.csproj", "{1A37CF18-32AB-490A-A730-BB461C1FA6E8}"
EndProject
Global
	GlobalSection(SolutionProperties) = preSolution
		HideSolutionNode = FALSE
	EndGlobalSection
	GlobalSection(ExtensibilityGlobals) = postSolution
		SolutionGuid = {0344DB0E-6BB4-4667-8CF4-A2BF8041AECE}
	EndGlobalSection
	GlobalSection(SolutionConfigurationPlatforms) = preSolution
		Debug|Any CPU = Debug|Any CPU
		Debug|x64 = Debug|x64
		Debug|x86 = Debug|x86
		Release|Any CPU = Release|Any CPU
		Release|x64 = Release|x64
		Release|x86 = Release|x86
	EndGlobalSection
	GlobalSection(ProjectConfigurationPlatforms) = postSolution
		{B28B719E-B261-4C30-AFA5-9A9CE9BFFA39}.Debug|Any CPU.ActiveCfg = Debug|Any CPU
		{B28B719E-B261-4C30-AFA5-9A9CE9BFFA39}.Debug|Any CPU.Build.0 = Debug|Any CPU
		{B28B719E-B261-4C30-AFA5-9A9CE9BFFA39}.Debug|x64.ActiveCfg = Debug|Any CPU
		{B28B719E-B261-4C30-AFA5-9A9CE9BFFA39}.Debug|x64.Build.0 = Debug|Any CPU
		{B28B719E-B261-4C30-AFA5-9A9CE9BFFA39}.Debug|x86.ActiveCfg = Debug|Any CPU
		{B28B719E-B261-4C30-AFA5-9A9CE9BFFA39}.Debug|x86.Build.0 = Debug|Any CPU
		{B28B719E-B261-4C30-AFA5-9A9CE9BFFA39}.Release|Any CPU.ActiveCfg = Release|Any CPU
		{B28B719E-B261-4C30-AFA5-9A9CE9BFFA39}.Release|Any CPU.Build.0 = Release|Any CPU
		{B28B719E-B261-4C30-AFA5-9A9CE9BFFA39}.Release|x64.ActiveCfg = Release|Any CPU
		{B28B719E-B261-4C30-AFA5-9A9CE9BFFA39}.Release|x64.Build.0 = Release|Any CPU
		{B28B719E-B261-4C30-AFA5-9A9CE9BFFA39}.Release|x86.ActiveCfg = Release|Any CPU
		{B28B719E-B261-4C30-AFA5-9A9CE9BFFA39}.Release|x86.Build.0 = Release|Any CPU
		{1A37CF18-32AB-490A-A730-BB461C1FA6E8}.Debug|Any CPU.ActiveCfg = Debug|Any CPU
		{1A37CF18-32AB-490A-A730-BB461C1FA6E8}.Debug|Any CPU.Build.0 = Debug|Any CPU
		{1A37CF18-32AB-490A-A730-BB461C1FA6E8}.Debug|x64.ActiveCfg = Debug|Any CPU
		{1A37CF18-32AB-490A-A730-BB461C1FA6E8}.Debug|x64.Build.0 = Debug|Any CPU
		{1A37CF18-32AB-490A-A730-BB461C1FA6E8}.Debug|x86.ActiveCfg = Debug|Any CPU
		{1A37CF18-32AB-490A-A730-BB461C1FA6E8}.Debug|x86.Build.0 = Debug|Any CPU
		{1A37CF18-32AB-490A-A730-BB461C1FA6E8}.Release|Any CPU.ActiveCfg = Release|Any CPU
		{1A37CF18-32AB-490A-A730-BB461C1FA6E8}.Release|Any CPU.Build.0 = Release|Any CPU
		{1A37CF18-32AB-490A-A730-BB461C1FA6E8}.Release|x64.ActiveCfg = Release|Any CPU
		{1A37CF18-32AB-490A-A730-BB461C1FA6E8}.Release|x64.Build.0 = Release|Any CPU
		{1A37CF18-32AB-490A-A730-BB461C1FA6E8}.Release|x86.ActiveCfg = Release|Any CPU
		{1A37CF18-32AB-490A-A730-BB461C1FA6E8}.Release|x86.Build.0 = Release|Any CPU
	EndGlobalSection
EndGlobal
